
Microsoft Visual Studio Solution File, Format Version 12.00
# Visual Studio Version 17
VisualStudioVersion = 17.6.33723.286
MinimumVisualStudioVersion = 10.0.40219.1
Project("{9A19103F-16F7-4668-BE54-9A1E7A4F7556}") = "eTradeBackend.WebAPI", "eTradeBackend.WebAPI\eTradeBackend.WebAPI.csproj", "{DD06E5EA-EB4D-4C86-8DF6-A250C2312541}"
EndProject
Project("{2150E333-8FDC-42A3-9474-1A3956D46DE8}") = "Core", "Core", "{3D4B04E0-4654-47E3-AB0A-C61BD6BC4EE6}"
EndProject
Project("{2150E333-8FDC-42A3-9474-1A3956D46DE8}") = "Infrastructure", "Infrastructure", "{10575C29-505D-4A5E-9B7F-64F9D2C0ED7A}"
EndProject
Project("{9A19103F-16F7-4668-BE54-9A1E7A4F7556}") = "eTradeBackend.Application", "eTradeBackend.Application\eTradeBackend.Application.csproj", "{423C5487-8CA3-45A8-A3D0-BFE41B08B8CE}"
EndProject
Project("{9A19103F-16F7-4668-BE54-9A1E7A4F7556}") = "eTradeBackend.Domain", "eTradeBackend.Domain\eTradeBackend.Domain.csproj", "{F407A781-235F-4579-8AD0-AF7286DD5226}"
EndProject
Global
	GlobalSection(SolutionConfigurationPlatforms) = preSolution
		Debug|Any CPU = Debug|Any CPU
		Release|Any CPU = Release|Any CPU
	EndGlobalSection
	GlobalSection(ProjectConfigurationPlatforms) = postSolution
		{DD06E5EA-EB4D-4C86-8DF6-A250C2312541}.Debug|Any CPU.ActiveCfg = Debug|Any CPU
		{DD06E5EA-EB4D-4C86-8DF6-A250C2312541}.Debug|Any CPU.Build.0 = Debug|Any CPU
		{DD06E5EA-EB4D-4C86-8DF6-A250C2312541}.Release|Any CPU.ActiveCfg = Release|Any CPU
		{DD06E5EA-EB4D-4C86-8DF6-A250C2312541}.Release|Any CPU.Build.0 = Release|Any CPU
		{423C5487-8CA3-45A8-A3D0-BFE41B08B8CE}.Debug|Any CPU.ActiveCfg = Debug|Any CPU
		{423C5487-8CA3-45A8-A3D0-BFE41B08B8CE}.Debug|Any CPU.Build.0 = Debug|Any CPU
		{423C5487-8CA3-45A8-A3D0-BFE41B08B8CE}.Release|Any CPU.ActiveCfg = Release|Any CPU
		{423C5487-8CA3-45A8-A3D0-BFE41B08B8CE}.Release|Any CPU.Build.0 = Release|Any CPU
		{F407A781-235F-4579-8AD0-AF7286DD5226}.Debug|Any CPU.ActiveCfg = Debug|Any CPU
		{F407A781-235F-4579-8AD0-AF7286DD5226}.Debug|Any CPU.Build.0 = Debug|Any CPU
		{F407A781-235F-4579-8AD0-AF7286DD5226}.Release|Any CPU.ActiveCfg = Release|Any CPU
		{F407A781-235F-4579-8AD0-AF7286DD5226}.Release|Any CPU.Build.0 = Release|Any CPU
	EndGlobalSection
	GlobalSection(SolutionProperties) = preSolution
		HideSolutionNode = FALSE
	EndGlobalSection
	GlobalSection(NestedProjects) = preSolution
		{423C5487-8CA3-45A8-A3D0-BFE41B08B8CE} = {3D4B04E0-4654-47E3-AB0A-C61BD6BC4EE6}
		{F407A781-235F-4579-8AD0-AF7286DD5226} = {3D4B04E0-4654-47E3-AB0A-C61BD6BC4EE6}
	EndGlobalSection
	GlobalSection(ExtensibilityGlobals) = postSolution
		SolutionGuid = {1E7B812F-3D94-4C72-ACB1-5A9B236288BE}
	EndGlobalSection
EndGlobal
